<?xml version="1.0" encoding="utf-8"?>
<Project ToolsVersion="4.0" xmlns="http://schemas.microsoft.com/developer/msbuild/2003">
  <ItemGroup>
    <Filter Include="RLSDK">
      <UniqueIdentifier>{93995380-89BD-4b04-88EB-625FBE52EBFB}</UniqueIdentifier>
      <Extensions>h;hh;hpp;hxx;h++;hm;inl;inc;ipp;xsd</Extensions>
    </Filter>
    <Filter Include="Plugin">
      <UniqueIdentifier>{4FC737F1-C7A5-4376-A066-2A32D752A2FF}</UniqueIdentifier>
      <Extensions>cpp;c;cc;cxx;c++;def;odl;idl;hpj;bat;asm;asmx</Extensions>
    </Filter>
    <Filter Include="RLSDK\SDK_HEADERS">
      <UniqueIdentifier>{547af68a-494c-47bd-98b3-377710f738eb}</UniqueIdentifier>
    </Filter>
  </ItemGroup>
  <ItemGroup>
    <ClCompile Include="QueueDeck.cpp">
      <Filter>Plugin</Filter>
    </ClCompile>
    <ClCompile Include="RLSDK\GameDefines.cpp">
      <Filter>RLSDK</Filter>
    </ClCompile>
    <ClCompile Include="RLSDK\SDK_HEADERS\AkAudio_classes.cpp">
      <Filter>RLSDK\SDK_HEADERS</Filter>
    </ClCompile>
    <ClCompile Include="RLSDK\SDK_HEADERS\Core_classes.cpp">
      <Filter>RLSDK\SDK_HEADERS</Filter>
    </ClCompile>
    <ClCompile Include="RLSDK\SDK_HEADERS\Engine_classes.cpp">
      <Filter>RLSDK\SDK_HEADERS</Filter>
    </ClCompile>
    <ClCompile Include="RLSDK\SDK_HEADERS\GFxUI_classes.cpp">
      <Filter>RLSDK\SDK_HEADERS</Filter>
    </ClCompile>
    <ClCompile Include="RLSDK\SDK_HEADERS\IpDrv_classes.cpp">
      <Filter>RLSDK\SDK_HEADERS</Filter>
    </ClCompile>
    <ClCompile Include="RLSDK\SDK_HEADERS\OnlineSubsystemEOS_classes.cpp">
      <Filter>RLSDK\SDK_HEADERS</Filter>
    </ClCompile>
    <ClCompile Include="RLSDK\SDK_HEADERS\OnlineSubsystemSteamworks_classes.cpp">
      <Filter>RLSDK\SDK_HEADERS</Filter>
    </ClCompile>
    <ClCompile Include="RLSDK\SDK_HEADERS\ProjectX_classes.cpp">
      <Filter>RLSDK\SDK_HEADERS</Filter>
    </ClCompile>
    <ClCompile Include="RLSDK\SDK_HEADERS\TAGame_classes.cpp">
      <Filter>RLSDK\SDK_HEADERS</Filter>
    </ClCompile>
    <ClCompile Include="RLSDK\SDK_HEADERS\WinDrv_classes.cpp">
      <Filter>RLSDK\SDK_HEADERS</Filter>
    </ClCompile>
    <ClCompile Include="RLSDK\SDK_HEADERS\XAudio2_classes.cpp">
      <Filter>RLSDK\SDK_HEADERS</Filter>
    </ClCompile>
  </ItemGroup>
  <ItemGroup>
    <ClInclude Include="QueueDeck.h">
      <Filter>Plugin</Filter>
    </ClInclude>
    <ClInclude Include="RLSDK\Utils.h">
      <Filter>RLSDK</Filter>
    </ClInclude>
    <ClInclude Include="RLSDK\GameDefines.h">
      <Filter>RLSDK</Filter>
    </ClInclude>
    <ClInclude Include="RLSDK\SdkConstants.h">
      <Filter>RLSDK</Filter>
    </ClInclude>
    <ClInclude Include="RLSDK\SdkHeaders.h">
      <Filter>RLSDK</Filter>
    </ClInclude>
    <ClInclude Include="RLSDK\SDK_HEADERS\AkAudio_classes.h">
      <Filter>RLSDK\SDK_HEADERS</Filter>
    </ClInclude>
    <ClInclude Include="RLSDK\SDK_HEADERS\AkAudio_parameters.h">
      <Filter>RLSDK\SDK_HEADERS</Filter>
    </ClInclude>
    <ClInclude Include="RLSDK\SDK_HEADERS\AkAudio_structs.h">
      <Filter>RLSDK\SDK_HEADERS</Filter>
    </ClInclude>
    <ClInclude Include="RLSDK\SDK_HEADERS\Core_classes.h">
      <Filter>RLSDK\SDK_HEADERS</Filter>
    </ClInclude>
    <ClInclude Include="RLSDK\SDK_HEADERS\Core_parameters.h">
      <Filter>RLSDK\SDK_HEADERS</Filter>
    </ClInclude>
    <ClInclude Include="RLSDK\SDK_HEADERS\Core_structs.h">
      <Filter>RLSDK\SDK_HEADERS</Filter>
    </ClInclude>
    <ClInclude Include="RLSDK\SDK_HEADERS\Engine_classes.h">
      <Filter>RLSDK\SDK_HEADERS</Filter>
    </ClInclude>
    <ClInclude Include="RLSDK\SDK_HEADERS\Engine_parameters.h">
      <Filter>RLSDK\SDK_HEADERS</Filter>
    </ClInclude>
    <ClInclude Include="RLSDK\SDK_HEADERS\Engine_structs.h">
      <Filter>RLSDK\SDK_HEADERS</Filter>
    </ClInclude>
    <ClInclude Include="RLSDK\SDK_HEADERS\GFxUI_classes.h">
      <Filter>RLSDK\SDK_HEADERS</Filter>
    </ClInclude>
    <ClInclude Include="RLSDK\SDK_HEADERS\GFxUI_parameters.h">
      <Filter>RLSDK\SDK_HEADERS</Filter>
    </ClInclude>
    <ClInclude Include="RLSDK\SDK_HEADERS\GFxUI_structs.h">
      <Filter>RLSDK\SDK_HEADERS</Filter>
    </ClInclude>
    <ClInclude Include="RLSDK\SDK_HEADERS\IpDrv_classes.h">
      <Filter>RLSDK\SDK_HEADERS</Filter>
    </ClInclude>
    <ClInclude Include="RLSDK\SDK_HEADERS\IpDrv_parameters.h">
      <Filter>RLSDK\SDK_HEADERS</Filter>
    </ClInclude>
    <ClInclude Include="RLSDK\SDK_HEADERS\IpDrv_structs.h">
      <Filter>RLSDK\SDK_HEADERS</Filter>
    </ClInclude>
    <ClInclude Include="RLSDK\SDK_HEADERS\OnlineSubsystemEOS_classes.h">
      <Filter>RLSDK\SDK_HEADERS</Filter>
    </ClInclude>
    <ClInclude Include="RLSDK\SDK_HEADERS\OnlineSubsystemEOS_parameters.h">
      <Filter>RLSDK\SDK_HEADERS</Filter>
    </ClInclude>
    <ClInclude Include="RLSDK\SDK_HEADERS\OnlineSubsystemEOS_structs.h">
      <Filter>RLSDK\SDK_HEADERS</Filter>
    </ClInclude>
    <ClInclude Include="RLSDK\SDK_HEADERS\OnlineSubsystemSteamworks_classes.h">
      <Filter>RLSDK\SDK_HEADERS</Filter>
    </ClInclude>
    <ClInclude Include="RLSDK\SDK_HEADERS\OnlineSubsystemSteamworks_parameters.h">
      <Filter>RLSDK\SDK_HEADERS</Filter>
    </ClInclude>
    <ClInclude Include="RLSDK\SDK_HEADERS\OnlineSubsystemSteamworks_structs.h">
      <Filter>RLSDK\SDK_HEADERS</Filter>
    </ClInclude>
    <ClInclude Include="RLSDK\SDK_HEADERS\ProjectX_classes.h">
      <Filter>RLSDK\SDK_HEADERS</Filter>
    </ClInclude>
    <ClInclude Include="RLSDK\SDK_HEADERS\ProjectX_parameters.h">
      <Filter>RLSDK\SDK_HEADERS</Filter>
    </ClInclude>
    <ClInclude Include="RLSDK\SDK_HEADERS\ProjectX_structs.h">
      <Filter>RLSDK\SDK_HEADERS</Filter>
    </ClInclude>
    <ClInclude Include="RLSDK\SDK_HEADERS\TAGame_classes.h">
      <Filter>RLSDK\SDK_HEADERS</Filter>
    </ClInclude>
    <ClInclude Include="RLSDK\SDK_HEADERS\TAGame_parameters.h">
      <Filter>RLSDK\SDK_HEADERS</Filter>
    </ClInclude>
    <ClInclude Include="RLSDK\SDK_HEADERS\TAGame_structs.h">
      <Filter>RLSDK\SDK_HEADERS</Filter>
    </ClInclude>
    <ClInclude Include="RLSDK\SDK_HEADERS\WinDrv_classes.h">
      <Filter>RLSDK\SDK_HEADERS</Filter>
    </ClInclude>
    <ClInclude Include="RLSDK\SDK_HEADERS\WinDrv_parameters.h">
      <Filter>RLSDK\SDK_HEADERS</Filter>
    </ClInclude>
    <ClInclude Include="RLSDK\SDK_HEADERS\WinDrv_structs.h">
      <Filter>RLSDK\SDK_HEADERS</Filter>
    </ClInclude>
    <ClInclude Include="RLSDK\SDK_HEADERS\XAudio2_classes.h">
      <Filter>RLSDK\SDK_HEADERS</Filter>
    </ClInclude>
    <ClInclude Include="RLSDK\SDK_HEADERS\XAudio2_parameters.h">
      <Filter>RLSDK\SDK_HEADERS</Filter>
    </ClInclude>
    <ClInclude Include="RLSDK\SDK_HEADERS\XAudio2_structs.h">
      <Filter>RLSDK\SDK_HEADERS</Filter>
    </ClInclude>
  </ItemGroup>
</Project>